{
  "name": "coral-fountain",
  "version": "1.0.0",
  "lockfileVersion": 1,
  "requires": true,
  "dependencies": {
    "js-datepicker": {
      "version": "4.0.10",
      "resolved": "https://registry.npmjs.org/js-datepicker/-/js-datepicker-4.0.10.tgz",
      "integrity": "sha512-oRe9bPtitasRDXarlg1Uf9yTEkfv7IZ4Z+coiU0ZnBiAy4Oc6bf8o4FK/lT4VxVK9ueUEJ7LNOlp+RXwAeDW9w=="
    },
    "normalize.css": {
      "version": "8.0.1",
      "resolved": "https://registry.npmjs.org/normalize.css/-/normalize.css-8.0.1.tgz",
      "integrity": "sha512-qizSNPO93t1YUuUhP22btGOo3chcvDFqFaj2TRybP0DMxkHOCTYwp3n34fel4a31ORXy4m1Xq0Gyqpb5m33qIg=="
    }
  }
}
